
Microsoft Visual Studio Solution File, Format Version 12.00
# Visual Studio 15
Project("{FAE04EC0-301F-11D3-BF4B-00C04F79EFBC}") = "irradiate", "Irradiate\irradiate.csproj", "{FCF1FA91-F43B-464F-9D24-EB317527AE62}"
EndProject
Project("{FAE04EC0-301F-11D3-BF4B-00C04F79EFBC}") = "Irradiate.Tests", "Irradiate.Tests\Irradiate.Tests.csproj", "{C935D6B1-2C67-419B-BBF8-DCA269D4E4C5}"
EndProject
Global
	GlobalSection(SolutionConfigurationPlatforms) = preSolution
		Debug|Any CPU = Debug|Any CPU
		Release|Any CPU = Release|Any CPU
	EndGlobalSection
	GlobalSection(ProjectConfigurationPlatforms) = postSolution
		{FCF1FA91-F43B-464F-9D24-EB317527AE62}.Debug|Any CPU.ActiveCfg = Debug|Any CPU
		{FCF1FA91-F43B-464F-9D24-EB317527AE62}.Debug|Any CPU.Build.0 = Debug|Any CPU
		{FCF1FA91-F43B-464F-9D24-EB317527AE62}.Release|Any CPU.ActiveCfg = Release|Any CPU
		{FCF1FA91-F43B-464F-9D24-EB317527AE62}.Release|Any CPU.Build.0 = Release|Any CPU
		{C935D6B1-2C67-419B-BBF8-DCA269D4E4C5}.Debug|Any CPU.ActiveCfg = Debug|Any CPU
		{C935D6B1-2C67-419B-BBF8-DCA269D4E4C5}.Debug|Any CPU.Build.0 = Debug|Any CPU
		{C935D6B1-2C67-419B-BBF8-DCA269D4E4C5}.Release|Any CPU.ActiveCfg = Release|Any CPU
		{C935D6B1-2C67-419B-BBF8-DCA269D4E4C5}.Release|Any CPU.Build.0 = Release|Any CPU
	EndGlobalSection
EndGlobal
